lockVersion: 2.0.0
id: 7adbc82e-ea64-4a2c-babd-0d70816ec99e
management:
  docChecksum: ba3b178302d9e7dbf7d1cea9de63eaff
  docVersion: 1.0.0
  speakeasyVersion: 1.563.0
  generationVersion: 2.629.1
  releaseVersion: 0.11.7
  configChecksum: 24f9c9b9989d8bcf374b4d252c82dda7
features:
  go:
    additionalDependencies: 0.1.0
    bigint: 0.0.2
    constsAndDefaults: 0.1.12
    core: 3.8.1
    defaultEnabledRetries: 0.2.0
    devContainers: 2.90.0
    envVarSecurityUsage: 0.3.2
    globalSecurityCallbacks: 0.1.0
    globalServerURLs: 2.82.3
    intellisenseMarkdownSupport: 0.1.0
    nullables: 0.1.1
    responseFormat: 0.1.2
    retries: 2.83.3
    sdkHooks: 0.2.0
generatedFiles:
  - .devcontainer/README.md
  - .devcontainer/devcontainer.json
  - .devcontainer/setup.sh
  - .gitattributes
  - /models/components/bucketinfo.go
  - /models/components/bucketwithraftstate.go
  - /models/components/clusterstate.go
  - /models/components/clusterstateresponse.go
  - /models/components/createbucketrequest.go
  - /models/components/createbucketresponse.go
  - /models/components/createledgerrequest.go
  - /models/components/createledgerresponse.go
  - /models/components/createtransactionrequest.go
  - /models/components/createtransactionresponse.go
  - /models/components/deletebucketresponse.go
  - /models/components/getbucketresponse.go
  - /models/components/getledgerresponse.go
  - /models/components/httpmetadata.go
  - /models/components/ledgerinfo.go
  - /models/components/listallledgersresponse.go
  - /models/components/listbucketsresponse.go
  - /models/components/nodeinfo.go
  - /models/components/postingrequest.go
  - /models/components/postingresponse.go
  - /models/components/snapshotresponse.go
  - /models/components/transactionresponse.go
  - /models/operations/createbucket.go
  - /models/operations/createledger.go
  - /models/operations/createsnapshot.go
  - /models/operations/createtransaction.go
  - /models/operations/deletebucket.go
  - /models/operations/getbucket.go
  - /models/operations/getclusterstate.go
  - /models/operations/getledger.go
  - /models/operations/listallledgers.go
  - /models/operations/listbuckets.go
  - /models/sdkerrors/errorresponse.go
  - USAGE.md
  - buckets.go
  - cluster.go
  - docs/models/components/bucketinfo.md
  - docs/models/components/bucketwithraftstate.md
  - docs/models/components/clusterstate.md
  - docs/models/components/clusterstateresponse.md
  - docs/models/components/clusterstateresponsedata.md
  - docs/models/components/createbucketrequest.md
  - docs/models/components/createbucketresponse.md
  - docs/models/components/createledgerrequest.md
  - docs/models/components/createledgerresponse.md
  - docs/models/components/createtransactionrequest.md
  - docs/models/components/createtransactionresponse.md
  - docs/models/components/data.md
  - docs/models/components/deletebucketresponse.md
  - docs/models/components/deletebucketresponsedata.md
  - docs/models/components/getbucketresponse.md
  - docs/models/components/getledgerresponse.md
  - docs/models/components/httpmetadata.md
  - docs/models/components/ledgerinfo.md
  - docs/models/components/listallledgersresponse.md
  - docs/models/components/listbucketsresponse.md
  - docs/models/components/nodeinfo.md
  - docs/models/components/postingrequest.md
  - docs/models/components/postingresponse.md
  - docs/models/components/snapshotresponse.md
  - docs/models/components/snapshotresponsedata.md
  - docs/models/components/state.md
  - docs/models/components/transactionresponse.md
  - docs/models/operations/createbucketrequest.md
  - docs/models/operations/createbucketresponse.md
  - docs/models/operations/createledgerrequest.md
  - docs/models/operations/createledgerresponse.md
  - docs/models/operations/createsnapshotresponse.md
  - docs/models/operations/createtransactionrequest.md
  - docs/models/operations/createtransactionresponse.md
  - docs/models/operations/deletebucketrequest.md
  - docs/models/operations/deletebucketresponse.md
  - docs/models/operations/getbucketrequest.md
  - docs/models/operations/getbucketresponse.md
  - docs/models/operations/getclusterstateresponse.md
  - docs/models/operations/getledgerrequest.md
  - docs/models/operations/getledgerresponse.md
  - docs/models/operations/listallledgersresponse.md
  - docs/models/operations/listbucketsresponse.md
  - docs/models/operations/option.md
  - docs/models/sdkerrors/error.md
  - docs/models/sdkerrors/errorresponse.md
  - docs/sdks/buckets/README.md
  - docs/sdks/cluster/README.md
  - docs/sdks/formance/README.md
  - docs/sdks/ledgers/README.md
  - docs/sdks/transactions/README.md
  - formance.go
  - go.mod
  - internal/config/sdkconfiguration.go
  - internal/hooks/hooks.go
  - internal/utils/contenttype.go
  - internal/utils/env.go
  - internal/utils/form.go
  - internal/utils/headers.go
  - internal/utils/json.go
  - internal/utils/pathparams.go
  - internal/utils/queryparams.go
  - internal/utils/requestbody.go
  - internal/utils/retries.go
  - internal/utils/security.go
  - internal/utils/utils.go
  - ledgers.go
  - models/operations/options.go
  - models/sdkerrors/sdkerror.go
  - retry/config.go
  - transactions.go
  - types/bigint.go
  - types/date.go
  - types/datetime.go
  - types/decimal.go
  - types/pointers.go
examples:
  createTransaction:
    speakeasy-default-create-transaction:
      parameters:
        path:
          ledgerName: "<value>"
      requestBody:
        application/json: {"postings": [{"source": "<value>", "destination": "<value>", "amount": "361192", "asset": "<value>"}], "dryRun": false}
      responses:
        "201":
          application/json: {}
        "400":
          application/json: {}
        "500":
          application/json: {}
  createSnapshot:
    speakeasy-default-create-snapshot:
      responses:
        "200":
          application/json: {}
        "405":
          application/json: {}
        "500":
          application/json: {}
  getClusterState:
    speakeasy-default-get-cluster-state:
      responses:
        "200":
          application/json: {}
        "405":
          application/json: {}
        "500":
          application/json: {}
  createLedger:
    speakeasy-default-create-ledger:
      parameters:
        path:
          ledgerName: "<value>"
      requestBody:
        application/json: {"bucket": "<value>"}
      responses:
        "201":
          application/json: {}
        "400":
          application/json: {}
        "500":
          application/json: {}
  createBucket:
    speakeasy-default-create-bucket:
      parameters:
        path:
          bucketName: "<value>"
      requestBody:
        application/json: {"driver": "<value>", "config": {"key": "<value>", "key1": "<value>"}}
      responses:
        "201":
          application/json: {}
        "400":
          application/json: {}
        "500":
          application/json: {}
  listBuckets:
    speakeasy-default-list-buckets:
      responses:
        "200":
          application/json: {}
        "500":
          application/json: {}
  deleteBucket:
    speakeasy-default-delete-bucket:
      parameters:
        path:
          bucketName: "<value>"
      responses:
        "200":
          application/json: {}
        "404":
          application/json: {}
        "500":
          application/json: {}
  getBucket:
    speakeasy-default-get-bucket:
      parameters:
        path:
          bucketName: "<value>"
      responses:
        "200":
          application/json: {}
        "404":
          application/json: {}
        "500":
          application/json: {}
  createLedgerInBucket:
    speakeasy-default-create-ledger-in-bucket:
      parameters:
        path:
          bucketName: "<value>"
          ledgerName: "<value>"
      responses:
        "201":
          application/json: {}
        "400":
          application/json: {}
        "500":
          application/json: {}
  listLedgersInBucket:
    speakeasy-default-list-ledgers-in-bucket:
      parameters:
        path:
          bucketName: "<value>"
      responses:
        "200":
          application/json: {}
        "500":
          application/json: {}
  getLedgerFromBucket:
    speakeasy-default-get-ledger-from-bucket:
      parameters:
        path:
          bucketName: "<value>"
          ledgerName: "<value>"
      responses:
        "200":
          application/json: {}
        "404":
          application/json: {}
        "500":
          application/json: {}
  listAllLedgers:
    speakeasy-default-list-all-ledgers:
      responses:
        "200":
          application/json: {}
        "500":
          application/json: {}
  getLedger:
    speakeasy-default-get-ledger:
      parameters:
        path:
          ledgerName: "<value>"
      responses:
        "200":
          application/json: {}
        "404":
          application/json: {}
        "500":
          application/json: {}
examplesVersion: 1.0.2
generatedTests: {}
