lockVersion: 2.0.0
id: a9ac79e1-e429-4ee3-96c4-ec973f19bec3
management:
  docChecksum: 359dd8cb16193447c993d3d336785c37
  docVersion: LEDGER_VERSION
  speakeasyVersion: 1.346.0
  generationVersion: 2.379.3
  releaseVersion: 0.2.0
  configChecksum: 09df02129c4cf02489fa2f86475a8a45
features:
  go:
    additionalDependencies: 0.1.0
    core: 3.5.2
    defaultEnabledRetries: 0.2.0
    devContainers: 2.90.0
    downloadStreams: 0.1.1
    envVarSecurityUsage: 0.2.0
    errors: 2.81.9
    flattening: 2.81.1
    getRequestBodies: 2.81.1
    globalSecurityCallbacks: 0.1.0
    globalServerURLs: 2.82.2
    intellisenseMarkdownSupport: 0.1.0
    nameOverrides: 2.81.2
    responseFormat: 0.1.2
    retries: 2.83.0
    sdkHooks: 0.1.0
    unions: 2.85.8
generatedFiles:
  - v2.go
  - ledger.go
  - formance.go
  - go.mod
  - models/sdkerrors/sdkerror.go
  - retry/config.go
  - types/bigint.go
  - types/date.go
  - types/datetime.go
  - types/decimal.go
  - types/pointers.go
  - internal/utils/contenttype.go
  - internal/utils/form.go
  - internal/utils/headers.go
  - internal/utils/json.go
  - internal/utils/pathparams.go
  - internal/utils/queryparams.go
  - internal/utils/requestbody.go
  - internal/utils/retries.go
  - internal/utils/security.go
  - internal/utils/utils.go
  - /models/operations/v2getinfo.go
  - /models/operations/v2listledgers.go
  - /models/operations/v2getledger.go
  - /models/operations/v2createledger.go
  - /models/operations/v2updateledgermetadata.go
  - /models/operations/v2deleteledgermetadata.go
  - /models/operations/v2getledgerinfo.go
  - /models/operations/v2createbulk.go
  - /models/operations/v2countaccounts.go
  - /models/operations/v2listaccounts.go
  - /models/operations/v2getaccount.go
  - /models/operations/v2addmetadatatoaccount.go
  - /models/operations/v2deleteaccountmetadata.go
  - /models/operations/v2readstats.go
  - /models/operations/v2counttransactions.go
  - /models/operations/v2listtransactions.go
  - /models/operations/v2createtransaction.go
  - /models/operations/v2gettransaction.go
  - /models/operations/v2addmetadataontransaction.go
  - /models/operations/v2deletetransactionmetadata.go
  - /models/operations/v2reverttransaction.go
  - /models/operations/v2getbalancesaggregated.go
  - /models/operations/v2getvolumeswithbalances.go
  - /models/operations/v2listlogs.go
  - /models/operations/v2importlogs.go
  - /models/operations/v2exportlogs.go
  - /models/sdkerrors/v2errorresponse.go
  - /models/components/v2errorsenum.go
  - /models/components/v2configinforesponse.go
  - /models/components/httpmetadata.go
  - /models/components/v2ledgerlistresponse.go
  - /models/components/v2ledger.go
  - /models/components/v2getledgerresponse.go
  - /models/components/v2createledgerrequest.go
  - /models/components/v2ledgerinforesponse.go
  - /models/components/v2ledgerinfo.go
  - /models/components/v2migrationinfo.go
  - /models/components/v2bulkresponse.go
  - /models/components/v2bulkelementresult.go
  - /models/components/v2transaction.go
  - /models/components/v2posting.go
  - /models/components/v2bulkelement.go
  - /models/components/v2bulkelementcreatetransaction.go
  - /models/components/v2posttransaction.go
  - /models/components/v2bulkelementaddmetadata.go
  - /models/components/v2targettype.go
  - /models/components/v2targetid.go
  - /models/components/v2bulkelementreverttransaction.go
  - /models/components/v2bulkelementdeletemetadata.go
  - /models/components/v2accountscursorresponse.go
  - /models/components/v2account.go
  - /models/components/v2volume.go
  - /models/components/v2accountresponse.go
  - /models/components/v2statsresponse.go
  - /models/components/v2stats.go
  - /models/components/v2transactionscursorresponse.go
  - /models/components/v2expandedtransaction.go
  - /models/components/v2createtransactionresponse.go
  - /models/components/v2gettransactionresponse.go
  - /models/components/v2reverttransactionresponse.go
  - /models/components/v2aggregatebalancesresponse.go
  - /models/components/v2volumeswithbalancecursorresponse.go
  - /models/components/v2volumeswithbalance.go
  - /models/components/v2logscursorresponse.go
  - /models/components/v2log.go
  - docs/models/operations/v2getinforesponse.md
  - docs/models/operations/v2listledgersrequest.md
  - docs/models/operations/v2listledgersresponse.md
  - docs/models/operations/v2getledgerrequest.md
  - docs/models/operations/v2getledgerresponse.md
  - docs/models/operations/v2createledgerrequest.md
  - docs/models/operations/v2createledgerresponse.md
  - docs/models/operations/v2updateledgermetadatarequest.md
  - docs/models/operations/v2updateledgermetadataresponse.md
  - docs/models/operations/v2deleteledgermetadatarequest.md
  - docs/models/operations/v2deleteledgermetadataresponse.md
  - docs/models/operations/v2getledgerinforequest.md
  - docs/models/operations/v2getledgerinforesponse.md
  - docs/models/operations/v2createbulkrequest.md
  - docs/models/operations/v2createbulkresponse.md
  - docs/models/operations/v2countaccountsrequest.md
  - docs/models/operations/v2countaccountsresponse.md
  - docs/models/operations/v2listaccountsrequest.md
  - docs/models/operations/v2listaccountsresponse.md
  - docs/models/operations/v2getaccountrequest.md
  - docs/models/operations/v2getaccountresponse.md
  - docs/models/operations/v2addmetadatatoaccountrequest.md
  - docs/models/operations/v2addmetadatatoaccountresponse.md
  - docs/models/operations/v2deleteaccountmetadatarequest.md
  - docs/models/operations/v2deleteaccountmetadataresponse.md
  - docs/models/operations/v2readstatsrequest.md
  - docs/models/operations/v2readstatsresponse.md
  - docs/models/operations/v2counttransactionsrequest.md
  - docs/models/operations/v2counttransactionsresponse.md
  - docs/models/operations/order.md
  - docs/models/operations/v2listtransactionsrequest.md
  - docs/models/operations/v2listtransactionsresponse.md
  - docs/models/operations/v2createtransactionrequest.md
  - docs/models/operations/v2createtransactionresponse.md
  - docs/models/operations/v2gettransactionrequest.md
  - docs/models/operations/v2gettransactionresponse.md
  - docs/models/operations/v2addmetadataontransactionrequest.md
  - docs/models/operations/v2addmetadataontransactionresponse.md
  - docs/models/operations/v2deletetransactionmetadatarequest.md
  - docs/models/operations/v2deletetransactionmetadataresponse.md
  - docs/models/operations/v2reverttransactionrequest.md
  - docs/models/operations/v2reverttransactionresponse.md
  - docs/models/operations/v2getbalancesaggregatedrequest.md
  - docs/models/operations/v2getbalancesaggregatedresponse.md
  - docs/models/operations/v2getvolumeswithbalancesrequest.md
  - docs/models/operations/v2getvolumeswithbalancesresponse.md
  - docs/models/operations/v2listlogsrequest.md
  - docs/models/operations/v2listlogsresponse.md
  - docs/models/operations/v2importlogsrequest.md
  - docs/models/operations/v2importlogsresponse.md
  - docs/models/operations/v2exportlogsrequest.md
  - docs/models/operations/v2exportlogsresponse.md
  - docs/models/sdkerrors/v2errorresponse.md
  - docs/models/components/v2errorsenum.md
  - docs/models/components/v2configinforesponse.md
  - docs/models/components/httpmetadata.md
  - docs/models/components/cursor.md
  - docs/models/components/v2ledgerlistresponse.md
  - docs/models/components/v2ledger.md
  - docs/models/components/v2getledgerresponse.md
  - docs/models/components/v2createledgerrequest.md
  - docs/models/components/v2ledgerinforesponse.md
  - docs/models/components/storage.md
  - docs/models/components/v2ledgerinfo.md
  - docs/models/components/state.md
  - docs/models/components/v2migrationinfo.md
  - docs/models/components/v2bulkresponse.md
  - docs/models/components/v2bulkelementresulterror.md
  - docs/models/components/v2bulkelementresultdeletemetadata.md
  - docs/models/components/v2bulkelementresultreverttransaction.md
  - docs/models/components/v2bulkelementresultaddmetadata.md
  - docs/models/components/v2bulkelementresultcreatetransaction.md
  - docs/models/components/v2bulkelementresult.md
  - docs/models/components/v2transaction.md
  - docs/models/components/v2posting.md
  - docs/models/components/v2bulkelement.md
  - docs/models/components/v2bulkelementcreatetransaction.md
  - docs/models/components/script.md
  - docs/models/components/v2posttransaction.md
  - docs/models/components/data.md
  - docs/models/components/v2bulkelementaddmetadata.md
  - docs/models/components/v2targettype.md
  - docs/models/components/v2targetid.md
  - docs/models/components/v2bulkelementreverttransactiondata.md
  - docs/models/components/v2bulkelementreverttransaction.md
  - docs/models/components/v2bulkelementdeletemetadatadata.md
  - docs/models/components/v2bulkelementdeletemetadata.md
  - docs/models/components/v2accountscursorresponsecursor.md
  - docs/models/components/v2accountscursorresponse.md
  - docs/models/components/v2account.md
  - docs/models/components/v2volume.md
  - docs/models/components/v2accountresponse.md
  - docs/models/components/v2statsresponse.md
  - docs/models/components/v2stats.md
  - docs/models/components/v2transactionscursorresponsecursor.md
  - docs/models/components/v2transactionscursorresponse.md
  - docs/models/components/v2expandedtransaction.md
  - docs/models/components/v2createtransactionresponse.md
  - docs/models/components/v2gettransactionresponse.md
  - docs/models/components/v2reverttransactionresponse.md
  - docs/models/components/v2aggregatebalancesresponse.md
  - docs/models/components/v2volumeswithbalancecursorresponsecursor.md
  - docs/models/components/v2volumeswithbalancecursorresponse.md
  - docs/models/components/v2volumeswithbalance.md
  - docs/models/components/v2logscursorresponsecursor.md
  - docs/models/components/v2logscursorresponse.md
  - docs/models/components/type.md
  - docs/models/components/v2log.md
  - docs/sdks/formance/README.md
  - docs/sdks/ledger/README.md
  - docs/models/operations/option.md
  - docs/sdks/v2/README.md
  - USAGE.md
  - models/operations/options.go
  - .gitattributes
  - .devcontainer/README.md
  - .devcontainer/devcontainer.json
  - .devcontainer/setup.sh
  - internal/hooks/hooks.go
  - CONTRIBUTING.md
